// !$*UTF8*$!
{
	archiveVersion = 1;
	classes = {
	};
	objectVersion = 46;
	objects = {

/* Begin PBXBuildFile section */
		7725E99D1D89DDBD009C0D6F /* AppDelegate.swift in Sources */ = {isa = PBXBuildFile; fileRef = 7725E99C1D89DDBD009C0D6F /* AppDelegate.swift */; };
		7725E99F1D89DDBD009C0D6F /* ViewController.swift in Sources */ = {isa = PBXBuildFile; fileRef = 7725E99E1D89DDBD009C0D6F /* ViewController.swift */; };
		7725E9A21D89DDBD009C0D6F /* Main.storyboard in Resources */ = {isa = PBXBuildFile; fileRef = 7725E9A01D89DDBD009C0D6F /* Main.storyboard */; };
		7725E9A41D89DDBD009C0D6F /* Assets.xcassets in Resources */ = {isa = PBXBuildFile; fileRef = 7725E9A31D89DDBD009C0D6F /* Assets.xcassets */; };
		7725E9A71D89DDBD009C0D6F /* LaunchScreen.storyboard in Resources */ = {isa = PBXBuildFile; fileRef = 7725E9A51D89DDBD009C0D6F /* LaunchScreen.storyboard */; };
		7725E9B21D89DDBD009C0D6F /* tip_karmaTests.swift in Sources */ = {isa = PBXBuildFile; fileRef = 7725E9B11D89DDBD009C0D6F /* tip_karmaTests.swift */; };
		7725E9BD1D89DDBD009C0D6F /* tip_karmaUITests.swift in Sources */ = {isa = PBXBuildFile; fileRef = 7725E9BC1D89DDBD009C0D6F /* tip_karmaUITests.swift */; };
/* End PBXBuildFile section */

/* Begin PBXContainerItemProxy section */
		7725E9AE1D89DDBD009C0D6F /* PBXContainerItemProxy */ = {
			isa = PBXContainerItemProxy;
			containerPortal = 7725E9911D89DDBD009C0D6F /* Project object */;
			proxyType = 1;
			remoteGlobalIDString = 7725E9981D89DDBD009C0D6F;
			remoteInfo = "tip karma";
		};
		7725E9B91D89DDBD009C0D6F /* PBXContainerItemProxy */ = {
			isa = PBXContainerItemProxy;
			containerPortal = 7725E9911D89DDBD009C0D6F /* Project object */;
			proxyType = 1;
			remoteGlobalIDString = 7725E9981D89DDBD009C0D6F;
			remoteInfo = "tip karma";
		};
/* End PBXContainerItemProxy section */

/* Begin PBXFileReference section */
		7725E9991D89DDBD009C0D6F /* tip karma.app */ = {isa = PBXFileReference; explicitFileType = wrapper.application; includeInIndex = 0; path = "tip karma.app"; sourceTree = BUILT_PRODUCTS_DIR; };
		7725E99C1D89DDBD009C0D6F /* AppDelegate.swift */ = {isa = PBXFileReference; lastKnownFileType = sourcecode.swift; path = AppDelegate.swift; sourceTree = "<group>"; };
		7725E99E1D89DDBD009C0D6F /* ViewController.swift */ = {isa = PBXFileReference; lastKnownFileType = sourcecode.swift; path = ViewController.swift; sourceTree = "<group>"; };
		7725E9A11D89DDBD009C0D6F /* Base */ = {isa = PBXFileReference; lastKnownFileType = file.storyboard; name = Base; path = Base.lproj/Main.storyboard; sourceTree = "<group>"; };
		7725E9A31D89DDBD009C0D6F /* Assets.xcassets */ = {isa = PBXFileReference; lastKnownFileType = folder.assetcatalog; path = Assets.xcassets; sourceTree = "<group>"; };
		7725E9A61D89DDBD009C0D6F /* Base */ = {isa = PBXFileReference; lastKnownFileType = file.storyboard; name = Base; path = Base.lproj/LaunchScreen.storyboard; sourceTree = "<group>"; };
		7725E9A81D89DDBD009C0D6F /* Info.plist */ = {isa = PBXFileReference; lastKnownFileType = text.plist.xml; path = Info.plist; sourceTree = "<group>"; };
		7725E9AD1D89DDBD009C0D6F /* tip karmaTests.xctest */ = {isa = PBXFileReference; explicitFileType = wrapper.cfbundle; includeInIndex = 0; path = "tip karmaTests.xctest"; sourceTree = BUILT_PRODUCTS_DIR; };
		7725E9B11D89DDBD009C0D6F /* tip_karmaTests.swift */ = {isa = PBXFileReference; lastKnownFileType = sourcecode.swift; path = tip_karmaTests.swift; sourceTree = "<group>"; };
		7725E9B31D89DDBD009C0D6F /* Info.plist */ = {isa = PBXFileReference; lastKnownFileType = text.plist.xml; path = Info.plist; sourceTree = "<group>"; };
		7725E9B81D89DDBD009C0D6F /* tip karmaUITests.xctest */ = {isa = PBXFileReference; explicitFileType = wrapper.cfbundle; includeInIndex = 0; path = "tip karmaUITests.xctest"; sourceTree = BUILT_PRODUCTS_DIR; };
		7725E9BC1D89DDBD009C0D6F /* tip_karmaUITests.swift */ = {isa = PBXFileReference; lastKnownFileType = sourcecode.swift; path = tip_karmaUITests.swift; sourceTree = "<group>"; };
		7725E9BE1D89DDBD009C0D6F /* Info.plist */ = {isa = PBXFileReference; lastKnownFileType = text.plist.xml; path = Info.plist; sourceTree = "<group>"; };
/* End PBXFileReference section */

/* Begin PBXFrameworksBuildPhase section */
		7725E9961D89DDBD009C0D6F /* Frameworks */ = {
			isa = PBXFrameworksBuildPhase;
			buildActionMask = 2147483647;
			files = (
			);
			runOnlyForDeploymentPostprocessing = 0;
		};
		7725E9AA1D89DDBD009C0D6F /* Frameworks */ = {
			isa = PBXFrameworksBuildPhase;
			buildActionMask = 2147483647;
			files = (
			);
			runOnlyForDeploymentPostprocessing = 0;
		};
		7725E9B51D89DDBD009C0D6F /* Frameworks */ = {
			isa = PBXFrameworksBuildPhase;
			buildActionMask = 2147483647;
			files = (
			);
			runOnlyForDeploymentPostprocessing = 0;
		};
/* End PBXFrameworksBuildPhase section */

/* Begin PBXGroup section */
		7725E9901D89DDBD009C0D6F = {
			isa = PBXGroup;
			children = (
				7725E99B1D89DDBD009C0D6F /* tip karma */,
				7725E9B01D89DDBD009C0D6F /* tip karmaTests */,
				7725E9BB1D89DDBD009C0D6F /* tip karmaUITests */,
				7725E99A1D89DDBD009C0D6F /* Products */,
			);
			sourceTree = "<group>";
		};
		7725E99A1D89DDBD009C0D6F /* Products */ = {
			isa = PBXGroup;
			children = (
				7725E9991D89DDBD009C0D6F /* tip karma.app */,
				7725E9AD1D89DDBD009C0D6F /* tip karmaTests.xctest */,
				7725E9B81D89DDBD009C0D6F /* tip karmaUITests.xctest */,
			);
			name = Products;
			sourceTree = "<group>";
		};
		7725E99B1D89DDBD009C0D6F /* tip karma */ = {
			isa = PBXGroup;
			children = (
				7725E99C1D89DDBD009C0D6F /* AppDelegate.swift */,
				7725E99E1D89DDBD009C0D6F /* ViewController.swift */,
				7725E9A01D89DDBD009C0D6F /* Main.storyboard */,
				7725E9A31D89DDBD009C0D6F /* Assets.xcassets */,
				7725E9A51D89DDBD009C0D6F /* LaunchScreen.storyboard */,
				7725E9A81D89DDBD009C0D6F /* Info.plist */,
			);
			path = "tip karma";
			sourceTree = "<group>";
		};
		7725E9B01D89DDBD009C0D6F /* tip karmaTests */ = {
			isa = PBXGroup;
			children = (
				7725E9B11D89DDBD009C0D6F /* tip_karmaTests.swift */,
				7725E9B31D89DDBD009C0D6F /* Info.plist */,
			);
			path = "tip karmaTests";
			sourceTree = "<group>";
		};
		7725E9BB1D89DDBD009C0D6F /* tip karmaUITests */ = {
			isa = PBXGroup;
			children = (
				7725E9BC1D89DDBD009C0D6F /* tip_karmaUITests.swift */,
				7725E9BE1D89DDBD009C0D6F /* Info.plist */,
			);
			path = "tip karmaUITests";
			sourceTree = "<group>";
		};
/* End PBXGroup section */

/* Begin PBXNativeTarget section */
		7725E9981D89DDBD009C0D6F /* tip karma */ = {
			isa = PBXNativeTarget;
			buildConfigurationList = 7725E9C11D89DDBD009C0D6F /* Build configuration list for PBXNativeTarget "tip karma" */;
			buildPhases = (
				7725E9951D89DDBD009C0D6F /* Sources */,
				7725E9961D89DDBD009C0D6F /* Frameworks */,
				7725E9971D89DDBD009C0D6F /* Resources */,
			);
			buildRules = (
			);
			dependencies = (
			);
			name = "tip karma";
			productName = "tip karma";
			productReference = 7725E9991D89DDBD009C0D6F /* tip karma.app */;
			productType = "com.apple.product-type.application";
		};
		7725E9AC1D89DDBD009C0D6F /* tip karmaTests */ = {
			isa = PBXNativeTarget;
			buildConfigurationList = 7725E9C41D89DDBD009C0D6F /* Build configuration list for PBXNativeTarget "tip karmaTests" */;
			buildPhases = (
				7725E9A91D89DDBD009C0D6F /* Sources */,
				7725E9AA1D89DDBD009C0D6F /* Frameworks */,
				7725E9AB1D89DDBD009C0D6F /* Resources */,
			);
			buildRules = (
			);
			dependencies = (
				7725E9AF1D89DDBD009C0D6F /* PBXTargetDependency */,
			);
			name = "tip karmaTests";
			productName = "tip karmaTests";
			productReference = 7725E9AD1D89DDBD009C0D6F /* tip karmaTests.xctest */;
			productType = "com.apple.product-type.bundle.unit-test";
		};
		7725E9B71D89DDBD009C0D6F /* tip karmaUITests */ = {
			isa = PBXNativeTarget;
			buildConfigurationList = 7725E9C71D89DDBD009C0D6F /* Build configuration list for PBXNativeTarget "tip karmaUITests" */;
			buildPhases = (
				7725E9B41D89DDBD009C0D6F /* Sources */,
				7725E9B51D89DDBD009C0D6F /* Frameworks */,
				7725E9B61D89DDBD009C0D6F /* Resources */,
			);
			buildRules = (
			);
			dependencies = (
				7725E9BA1D89DDBD009C0D6F /* PBXTargetDependency */,
			);
			name = "tip karmaUITests";
			productName = "tip karmaUITests";
			productReference = 7725E9B81D89DDBD009C0D6F /* tip karmaUITests.xctest */;
			productType = "com.apple.product-type.bundle.ui-testing";
		};
/* End PBXNativeTarget section */

/* Begin PBXProject section */
		7725E9911D89DDBD009C0D6F /* Project object */ = {
			isa = PBXProject;
			attributes = {
				LastSwiftUpdateCheck = 0730;
				LastUpgradeCheck = 0730;
				ORGANIZATIONNAME = "Jennifer Shola";
				TargetAttributes = {
					7725E9981D89DDBD009C0D6F = {
						CreatedOnToolsVersion = 7.3.1;
					};
					7725E9AC1D89DDBD009C0D6F = {
						CreatedOnToolsVersion = 7.3.1;
						TestTargetID = 7725E9981D89DDBD009C0D6F;
					};
					7725E9B71D89DDBD009C0D6F = {
						CreatedOnToolsVersion = 7.3.1;
						TestTargetID = 7725E9981D89DDBD009C0D6F;
					};
				};
			};
			buildConfigurationList = 7725E9941D89DDBD009C0D6F /* Build configuration list for PBXProject "tip karma" */;
			compatibilityVersion = "Xcode 3.2";
			developmentRegion = English;
			hasScannedForEncodings = 0;
			knownRegions = (
				en,
				Base,
			);
			mainGroup = 7725E9901D89DDBD009C0D6F;
			productRefGroup = 7725E99A1D89DDBD009C0D6F /* Products */;
			projectDirPath = "";
			projectRoot = "";
			targets = (
				7725E9981D89DDBD009C0D6F /* tip karma */,
				7725E9AC1D89DDBD009C0D6F /* tip karmaTests */,
				7725E9B71D89DDBD009C0D6F /* tip karmaUITests */,
			);
		};
/* End PBXProject section */

/* Begin PBXResourcesBuildPhase section */
		7725E9971D89DDBD009C0D6F /* Resources */ = {
			isa = PBXResourcesBuildPhase;
			buildActionMask = 2147483647;
			files = (
				7725E9A71D89DDBD009C0D6F /* LaunchScreen.storyboard in Resources */,
				7725E9A41D89DDBD009C0D6F /* Assets.xcassets in Resources */,
				7725E9A21D89DDBD009C0D6F /* Main.storyboard in Resources */,
			);
			runOnlyForDeploymentPostprocessing = 0;
		};
		7725E9AB1D89DDBD009C0D6F /* Resources */ = {
			isa = PBXResourcesBuildPhase;
			buildActionMask = 2147483647;
			files = (
			);
			runOnlyForDeploymentPostprocessing = 0;
		};
		7725E9B61D89DDBD009C0D6F /* Resources */ = {
			isa = PBXResourcesBuildPhase;
			buildActionMask = 2147483647;
			files = (
			);
			runOnlyForDeploymentPostprocessing = 0;
		};
/* End PBXResourcesBuildPhase section */

/* Begin PBXSourcesBuildPhase section */
		7725E9951D89DDBD009C0D6F /* Sources */ = {
			isa = PBXSourcesBuildPhase;
			buildActionMask = 2147483647;
			files = (
				7725E99F1D89DDBD009C0D6F /* ViewController.swift in Sources */,
				7725E99D1D89DDBD009C0D6F /* AppDelegate.swift in Sources */,
			);
			runOnlyForDeploymentPostprocessing = 0;
		};
		7725E9A91D89DDBD009C0D6F /* Sources */ = {
			isa = PBXSourcesBuildPhase;
			buildActionMask = 2147483647;
			files = (
				7725E9B21D89DDBD009C0D6F /* tip_karmaTests.swift in Sources */,
			);
			runOnlyForDeploymentPostprocessing = 0;
		};
		7725E9B41D89DDBD009C0D6F /* Sources */ = {
			isa = PBXSourcesBuildPhase;
			buildActionMask = 2147483647;
			files = (
				7725E9BD1D89DDBD009C0D6F /* tip_karmaUITests.swift in Sources */,
			);
			runOnlyForDeploymentPostprocessing = 0;
		};
/* End PBXSourcesBuildPhase section */

/* Begin PBXTargetDependency section */
		7725E9AF1D89DDBD009C0D6F /* PBXTargetDependency */ = {
			isa = PBXTargetDependency;
			target = 7725E9981D89DDBD009C0D6F /* tip karma */;
			targetProxy = 7725E9AE1D89DDBD009C0D6F /* PBXContainerItemProxy */;
		};
		7725E9BA1D89DDBD009C0D6F /* PBXTargetDependency */ = {
			isa = PBXTargetDependency;
			target = 7725E9981D89DDBD009C0D6F /* tip karma */;
			targetProxy = 7725E9B91D89DDBD009C0D6F /* PBXContainerItemProxy */;
		};
/* End PBXTargetDependency section */

/* Begin PBXVariantGroup section */
		7725E9A01D89DDBD009C0D6F /* Main.storyboard */ = {
			isa = PBXVariantGroup;
			children = (
				7725E9A11D89DDBD009C0D6F /* Base */,
			);
			name = Main.storyboard;
			sourceTree = "<group>";
		};
		7725E9A51D89DDBD009C0D6F /* LaunchScreen.storyboard */ = {
			isa = PBXVariantGroup;
			children = (
				7725E9A61D89DDBD009C0D6F /* Base */,
			);
			name = LaunchScreen.storyboard;
			sourceTree = "<group>";
		};
/* End PBXVariantGroup section */

/* Begin XCBuildConfiguration section */
		7725E9BF1D89DDBD009C0D6F /* Debug */ = {
			isa = XCBuildConfiguration;
			buildSettings = {
				ALWAYS_SEARCH_USER_PATHS = NO;
				CLANG_ANALYZER_NONNULL = YES;
				CLANG_CXX_LANGUAGE_STANDARD = "gnu++0x";
				CLANG_CXX_LIBRARY = "libc++";
				CLANG_ENABLE_MODULES = YES;
				CLANG_ENABLE_OBJC_ARC = YES;
				CLANG_WARN_BOOL_CONVERSION = YES;
				CLANG_WARN_CONSTANT_CONVERSION = YES;
				CLANG_WARN_DIRECT_OBJC_ISA_USAGE = YES_ERROR;
				CLANG_WARN_EMPTY_BODY = YES;
				CLANG_WARN_ENUM_CONVERSION = YES;
				CLANG_WARN_INT_CONVERSION = YES;
				CLANG_WARN_OBJC_ROOT_CLASS = YES_ERROR;
				CLANG_WARN_UNREACHABLE_CODE = YES;
				CLANG_WARN__DUPLICATE_METHOD_MATCH = YES;
				"CODE_SIGN_IDENTITY[sdk=iphoneos*]" = "iPhone Developer";
				COPY_PHASE_STRIP = NO;
				DEBUG_INFORMATION_FORMAT = dwarf;
				ENABLE_STRICT_OBJC_MSGSEND = YES;
				ENABLE_TESTABILITY = YES;
				GCC_C_LANGUAGE_STANDARD = gnu99;
				GCC_DYNAMIC_NO_PIC = NO;
				GCC_NO_COMMON_BLOCKS = YES;
				GCC_OPTIMIZATION_LEVEL = 0;
				GCC_PREPROCESSOR_DEFINITIONS = (
					"DEBUG=1",
					"$(inherited)",
				);
				GCC_WARN_64_TO_32_BIT_CONVERSION = YES;
				GCC_WARN_ABOUT_RETURN_TYPE = YES_ERROR;
				GCC_WARN_UNDECLARED_SELECTOR = YES;
				GCC_WARN_UNINITIALIZED_AUTOS = YES_AGGRESSIVE;
				GCC_WARN_UNUSED_FUNCTION = YES;
				GCC_WARN_UNUSED_VARIABLE = YES;
				IPHONEOS_DEPLOYMENT_TARGET = 9.3;
				MTL_ENABLE_DEBUG_INFO = YES;
				ONLY_ACTIVE_ARCH = YES;
				SDKROOT = iphoneos;
				SWIFT_OPTIMIZATION_LEVEL = "-Onone";
			};
			name = Debug;
		};
		7725E9C01D89DDBD009C0D6F /* Release */ = {
			isa = XCBuildConfiguration;
			buildSettings = {
				ALWAYS_SEARCH_USER_PATHS = NO;
				CLANG_ANALYZER_NONNULL = YES;
				CLANG_CXX_LANGUAGE_STANDARD = "gnu++0x";
				CLANG_CXX_LIBRARY = "libc++";
				CLANG_ENABLE_MODULES = YES;
				CLANG_ENABLE_OBJC_ARC = YES;
				CLANG_WARN_BOOL_CONVERSION = YES;
				CLANG_WARN_CONSTANT_CONVERSION = YES;
				CLANG_WARN_DIRECT_OBJC_ISA_USAGE = YES_ERROR;
				CLANG_WARN_EMPTY_BODY = YES;
				CLANG_WARN_ENUM_CONVERSION = YES;
				CLANG_WARN_INT_CONVERSION = YES;
				CLANG_WARN_OBJC_ROOT_CLASS = YES_ERROR;
				CLANG_WARN_UNREACHABLE_CODE = YES;
				CLANG_WARN__DUPLICATE_METHOD_MATCH = YES;
				"CODE_SIGN_IDENTITY[sdk=iphoneos*]" = "iPhone Developer";
				COPY_PHASE_STRIP = NO;
				DEBUG_INFORMATION_FORMAT = "dwarf-with-dsym";
				ENABLE_NS_ASSERTIONS = NO;
				ENABLE_STRICT_OBJC_MSGSEND = YES;
				GCC_C_LANGUAGE_STANDARD = gnu99;
				GCC_NO_COMMON_BLOCKS = YES;
				GCC_WARN_64_TO_32_BIT_CONVERSION = YES;
				GCC_WARN_ABOUT_RETURN_TYPE = YES_ERROR;
				GCC_WARN_UNDECLARED_SELECTOR = YES;
				GCC_WARN_UNINITIALIZED_AUTOS = YES_AGGRESSIVE;
				GCC_WARN_UNUSED_FUNCTION = YES;
				GCC_WARN_UNUSED_VARIABLE = YES;
				IPHONEOS_DEPLOYMENT_TARGET = 9.3;
				MTL_ENABLE_DEBUG_INFO = NO;
				SDKROOT = iphoneos;
				VALIDATE_PRODUCT = YES;
			};
			name = Release;
		};
		7725E9C21D89DDBD009C0D6F /* Debug */ = {
			isa = XCBuildConfiguration;
			buildSettings = {
				ASSETCATALOG_COMPILER_APPICON_NAME = AppIcon;
				INFOPLIST_FILE = "tip karma/Info.plist";
				LD_RUNPATH_SEARCH_PATHS = "$(inherited) @executable_path/Frameworks";
				PRODUCT_BUNDLE_IDENTIFIER = "com.jennifershola.tip-karma";
				PRODUCT_NAME = "$(TARGET_NAME)";
			};
			name = Debug;
		};
		7725E9C31D89DDBD009C0D6F /* Release */ = {
			isa = XCBuildConfiguration;
			buildSettings = {
				ASSETCATALOG_COMPILER_APPICON_NAME = AppIcon;
				INFOPLIST_FILE = "tip karma/Info.plist";
				LD_RUNPATH_SEARCH_PATHS = "$(inherited) @executable_path/Frameworks";
				PRODUCT_BUNDLE_IDENTIFIER = "com.jennifershola.tip-karma";
				PRODUCT_NAME = "$(TARGET_NAME)";
			};
			name = Release;
		};
		7725E9C51D89DDBD009C0D6F /* Debug */ = {
			isa = XCBuildConfiguration;
			buildSettings = {
				BUNDLE_LOADER = "$(TEST_HOST)";
				INFOPLIST_FILE = "tip karmaTests/Info.plist";
				LD_RUNPATH_SEARCH_PATHS = "$(inherited) @executable_path/Frameworks @loader_path/Frameworks";
				PRODUCT_BUNDLE_IDENTIFIER = "com.jennifershola.tip-karmaTests";
				PRODUCT_NAME = "$(TARGET_NAME)";
				TEST_HOST = "$(BUILT_PRODUCTS_DIR)/tip karma.app/tip karma";
			};
			name = Debug;
		};
		7725E9C61D89DDBD009C0D6F /* Release */ = {
			isa = XCBuildConfiguration;
			buildSettings = {
				BUNDLE_LOADER = "$(TEST_HOST)";
				INFOPLIST_FILE = "tip karmaTests/Info.plist";
				LD_RUNPATH_SEARCH_PATHS = "$(inherited) @executable_path/Frameworks @loader_path/Frameworks";
				PRODUCT_BUNDLE_IDENTIFIER = "com.jennifershola.tip-karmaTests";
				PRODUCT_NAME = "$(TARGET_NAME)";
				TEST_HOST = "$(BUILT_PRODUCTS_DIR)/tip karma.app/tip karma";
			};
			name = Release;
		};
		7725E9C81D89DDBD009C0D6F /* Debug */ = {
			isa = XCBuildConfiguration;
			buildSettings = {
				INFOPLIST_FILE = "tip karmaUITests/Info.plist";
				LD_RUNPATH_SEARCH_PATHS = "$(inherited) @executable_path/Frameworks @loader_path/Frameworks";
				PRODUCT_BUNDLE_IDENTIFIER = "com.jennifershola.tip-karmaUITests";
				PRODUCT_NAME = "$(TARGET_NAME)";
				TEST_TARGET_NAME = "tip karma";
			};
			name = Debug;
		};
		7725E9C91D89DDBD009C0D6F /* Release */ = {
			isa = XCBuildConfiguration;
			buildSettings = {
				INFOPLIST_FILE = "tip karmaUITests/Info.plist";
				LD_RUNPATH_SEARCH_PATHS = "$(inherited) @executable_path/Frameworks @loader_path/Frameworks";
				PRODUCT_BUNDLE_IDENTIFIER = "com.jennifershola.tip-karmaUITests";
				PRODUCT_NAME = "$(TARGET_NAME)";
				TEST_TARGET_NAME = "tip karma";
			};
			name = Release;
		};
/* End XCBuildConfiguration section */

/* Begin XCConfigurationList section */
		7725E9941D89DDBD009C0D6F /* Build configuration list for PBXProject "tip karma" */ = {
			isa = XCConfigurationList;
			buildConfigurations = (
				7725E9BF1D89DDBD009C0D6F /* Debug */,
				7725E9C01D89DDBD009C0D6F /* Release */,
			);
			defaultConfigurationIsVisible = 0;
			defaultConfigurationName = Release;
		};
		7725E9C11D89DDBD009C0D6F /* Build configuration list for PBXNativeTarget "tip karma" */ = {
			isa = XCConfigurationList;
			buildConfigurations = (
				7725E9C21D89DDBD009C0D6F /* Debug */,
				7725E9C31D89DDBD009C0D6F /* Release */,
			);
			defaultConfigurationIsVisible = 0;
		};
		7725E9C41D89DDBD009C0D6F /* Build configuration list for PBXNativeTarget "tip karmaTests" */ = {
			isa = XCConfigurationList;
			buildConfigurations = (
				7725E9C51D89DDBD009C0D6F /* Debug */,
				7725E9C61D89DDBD009C0D6F /* Release */,
			);
			defaultConfigurationIsVisible = 0;
		};
		7725E9C71D89DDBD009C0D6F /* Build configuration list for PBXNativeTarget "tip karmaUITests" */ = {
			isa = XCConfigurationList;
			buildConfigurations = (
				7725E9C81D89DDBD009C0D6F /* Debug */,
				7725E9C91D89DDBD009C0D6F /* Release */,
			);
			defaultConfigurationIsVisible = 0;
		};
/* End XCConfigurationList section */
	};
	rootObject = 7725E9911D89DDBD009C0D6F /* Project object */;
}
